{
  "name": "react-demo",
  "version": "2.0.0",
  "lockfileVersion": 1,
  "requires": true,
  "dependencies": {
    "babel": {
      "version": "5.8.23",
      "resolved": "https://registry.npmjs.org/babel/-/babel-5.8.23.tgz",
      "integrity": "sha1-zPw/uxc8okQvRV1neTwo/SoZfV0=",
      "dev": true
    },
    "babel-eslint": {
      "version": "4.1.7",
      "resolved": "https://registry.npmjs.org/babel-eslint/-/babel-eslint-4.1.7.tgz",
      "integrity": "sha1-eSv6d/JwmvbyCtT3lswtzwtxMWU=",
      "dev": true,
      "dependencies": {
        "babylon": {
          "version": "6.17.4",
          "resolved": "https://registry.npmjs.org/babylon/-/babylon-6.17.4.tgz",
          "integrity": "sha512-kChlV+0SXkjE0vUn9OZ7pBMWRFd8uq3mZe8x1K6jhuNcAFAtEnjchFAqB+dYEXKyd+JpT6eppRR78QAr5gTsUw=="
        }
      }
    },
    "create-react-class": {
      "version": "15.6.0",
      "resolved": "https://registry.npmjs.org/create-react-class/-/create-react-class-15.6.0.tgz",
      "integrity": "sha1-q0SEl8JlZuHilBPogyB9V8/nvtQ=",
      "dependencies": {
        "fbjs": {
          "version": "0.8.12",
          "resolved": "https://registry.npmjs.org/fbjs/-/fbjs-0.8.12.tgz",
          "integrity": "sha1-ELXZL3bUVXX9Y6IX1OoCvqL47QQ="
        }
      }
    },
    "eslint": {
      "version": "1.7.1",
      "resolved": "https://registry.npmjs.org/eslint/-/eslint-1.7.1.tgz",
      "integrity": "sha1-r3AiLeE0c9MVPTuegZpdp4dUvLU=",
      "dev": true,
      "dependencies": {
        "espree": {
          "version": "2.2.5",
          "resolved": "https://registry.npmjs.org/espree/-/espree-2.2.5.tgz",
          "integrity": "sha1-32kbkxCIlAKuspzAZnCMVmkLhUs="
        },
        "globals": {
          "version": "8.18.0",
          "resolved": "https://registry.npmjs.org/globals/-/globals-8.18.0.tgz",
          "integrity": "sha1-k9SmK9ysOM+vr8R9awNHaMsP/LQ="
        },
        "object-assign": {
          "version": "2.1.1",
          "resolved": "https://registry.npmjs.org/object-assign/-/object-assign-2.1.1.tgz",
          "integrity": "sha1-Q8NuXVaf+OSBbE76i+AtJpZ8GKo="
        }
      }
    },
    "eslint-config-airbnb": {
      "version": "0.1.0",
      "resolved": "https://registry.npmjs.org/eslint-config-airbnb/-/eslint-config-airbnb-0.1.0.tgz",
      "integrity": "sha1-XGoSJQgFBlmpRGtprArU5wG/suA=",
      "dev": true
    },
    "eslint-plugin-react": {
      "version": "3.6.2",
      "resolved": "https://registry.npmjs.org/eslint-plugin-react/-/eslint-plugin-react-3.6.2.tgz",
      "integrity": "sha1-nciu9GIxB+UbLTXGmO6CrZZfSAU=",
      "dev": true
    },
    "is-regexp": {
      "version": "1.0.0",
      "resolved": "https://registry.npmjs.org/is-regexp/-/is-regexp-1.0.0.tgz",
      "integrity": "sha1-/S2INUXEa6xaYz57mgnof6LLUGk="
    },
    "isobject": {
      "version": "2.0.0",
      "resolved": "https://registry.npmjs.org/isobject/-/isobject-2.0.0.tgz",
      "integrity": "sha1-II3ocr1zeMKpKvlCij9W65GhIsQ="
    },
    "lodash": {
      "version": "4.17.21",
      "resolved": "https://registry.npmjs.org/lodash/-/lodash-4.17.21.tgz",
      "integrity": "sha512-v2kDEe57lecTulaDIuNTPy3Ry4gLGJ6Z1O3vE1krgXZNrsQ+LFTGHVxVjcXPs17LhbZVGedAJv8XZ1tvj5FvSg=="
    },
    "prop-types": {
      "version": "15.5.10",
      "resolved": "https://registry.npmjs.org/prop-types/-/prop-types-15.5.10.tgz",
      "integrity": "sha1-J5ffwxJhguOpXj37suiT3ddFYVQ=",
      "dependencies": {
        "fbjs": {
          "version": "0.8.12",
          "resolved": "https://registry.npmjs.org/fbjs/-/fbjs-0.8.12.tgz",
          "integrity": "sha1-ELXZL3bUVXX9Y6IX1OoCvqL47QQ="
        }
      }
    },
    "react": {
      "version": "15.6.1",
      "resolved": "https://registry.npmjs.org/react/-/react-15.6.1.tgz",
      "integrity": "sha1-uqhDTsZ4C96ZfNw4C3nNM7ljk98=",
      "dev": true,
      "dependencies": {
        "fbjs": {
          "version": "0.8.12",
          "resolved": "https://registry.npmjs.org/fbjs/-/fbjs-0.8.12.tgz",
          "integrity": "sha1-ELXZL3bUVXX9Y6IX1OoCvqL47QQ="
        }
      }
    },
    "react-heatpack": {
      "version": "3.0.1",
      "resolved": "https://registry.npmjs.org/react-heatpack/-/react-heatpack-3.0.1.tgz",
      "integrity": "sha1-5FM8+Va7BioXQZsGlbe9ulHFtx8=",
      "dev": true,
      "dependencies": {
        "ansi-styles": {
          "version": "3.1.0",
          "resolved": "https://registry.npmjs.org/ansi-styles/-/ansi-styles-3.1.0.tgz",
          "integrity": "sha1-CcIC1ckX7CMYjKpcnLkXnNlUd1A="
        },
        "babel-plugin-react-display-name": {
          "version": "2.0.0",
          "resolved": "https://registry.npmjs.org/babel-plugin-react-display-name/-/babel-plugin-react-display-name-2.0.0.tgz",
          "integrity": "sha1-BlKbkJjxPCrivyP+30/gad1W9S8="
        },
        "babel-runtime": {
          "version": "5.8.38",
          "resolved": "https://registry.npmjs.org/babel-runtime/-/babel-runtime-5.8.38.tgz",
          "integrity": "sha1-HAsC62MxL18If/IEUIJ7QlydTBk="
        },
        "chalk": {
          "version": "2.0.1",
          "resolved": "https://registry.npmjs.org/chalk/-/chalk-2.0.1.tgz",
          "integrity": "sha512-Mp+FXEI+FrwY/XYV45b2YD3E8i3HwnEAoFcM0qlZzq/RZ9RwWitt2Y/c7cqRAz70U7hfekqx6qNYthuKFO6K0g=="
        },
        "css-loader": {
          "version": "0.23.1",
          "resolved": "https://registry.npmjs.org/css-loader/-/css-loader-0.23.1.tgz",
          "integrity": "sha1-n6I/K1wJZSNZEK1ezvO4o2OQ/lA="
        },
        "has-flag": {
          "version": "2.0.0",
          "resolved": "https://registry.npmjs.org/has-flag/-/has-flag-2.0.0.tgz",
          "integrity": "sha1-6CB68cx7MNRGzHC3NLXovhj4jVE="
        },
        "json5": {
          "version": "0.5.1",
          "resolved": "https://registry.npmjs.org/json5/-/json5-0.5.1.tgz",
          "integrity": "sha1-Hq3nrMASA0rYTiOWdn6tn6VJWCE="
        },
        "postcss-modules-extract-imports": {
          "version": "1.1.0",
          "resolved": "https://registry.npmjs.org/postcss-modules-extract-imports/-/postcss-modules-extract-imports-1.1.0.tgz",
          "integrity": "sha1-thTJcgvmgW6u41+zpfqh26agXds=",
          "dependencies": {
            "postcss": {
              "version": "6.0.5",
              "resolved": "https://registry.npmjs.org/postcss/-/postcss-6.0.5.tgz",
              "integrity": "sha1-76NPdFyiW9Ozy9FapOAxErgjfzw="
            }
          }
        },
        "postcss-modules-local-by-default": {
          "version": "1.2.0",
          "resolved": "https://registry.npmjs.org/postcss-modules-local-by-default/-/postcss-modules-local-by-default-1.2.0.tgz",
          "integrity": "sha1-99gMOYxaOT+nlkRmvRlQCn1hwGk=",
          "dependencies": {
            "css-selector-tokenizer": {
              "version": "0.7.0",
              "resolved": "https://registry.npmjs.org/css-selector-tokenizer/-/css-selector-tokenizer-0.7.0.tgz",
              "integrity": "sha1-5piEdK6MlTR3v15+/s/OzNnPTIY="
            },
            "postcss": {
              "version": "6.0.5",
              "resolved": "https://registry.npmjs.org/postcss/-/postcss-6.0.5.tgz",
              "integrity": "sha1-76NPdFyiW9Ozy9FapOAxErgjfzw="
            }
          }
        },
        "postcss-modules-scope": {
          "version": "1.1.0",
          "resolved": "https://registry.npmjs.org/postcss-modules-scope/-/postcss-modules-scope-1.1.0.tgz",
          "integrity": "sha1-1upkmUx5+XtipytCb75gVqGUu5A=",
          "dependencies": {
            "css-selector-tokenizer": {
              "version": "0.7.0",
              "resolved": "https://registry.npmjs.org/css-selector-tokenizer/-/css-selector-tokenizer-0.7.0.tgz",
              "integrity": "sha1-5piEdK6MlTR3v15+/s/OzNnPTIY="
            },
            "postcss": {
              "version": "6.0.5",
              "resolved": "https://registry.npmjs.org/postcss/-/postcss-6.0.5.tgz",
              "integrity": "sha1-76NPdFyiW9Ozy9FapOAxErgjfzw="
            }
          }
        },
        "react": {
          "version": "0.14.9",
          "resolved": "https://registry.npmjs.org/react/-/react-0.14.9.tgz",
          "integrity": "sha1-kRCmSXxJ1EuhwO3TF67CnC4NkdE="
        },
        "source-map": {
          "version": "0.5.6",
          "resolved": "https://registry.npmjs.org/source-map/-/source-map-0.5.6.tgz",
          "integrity": "sha1-dc449SvwczxafwwRjYEzSiu19BI="
        },
        "style-loader": {
          "version": "0.13.2",
          "resolved": "https://registry.npmjs.org/style-loader/-/style-loader-0.13.2.tgz",
          "integrity": "sha1-dFMzhM9pjHEEx5URULSXF63C87s=",
          "dependencies": {
            "loader-utils": {
              "version": "1.1.0",
              "resolved": "https://registry.npmjs.org/loader-utils/-/loader-utils-1.1.0.tgz",
              "integrity": "sha1-yYrvSIvM7aL/teLeZG1qdUQp9c0="
            }
          }
        },
        "supports-color": {
          "version": "4.1.0",
          "resolved": "https://registry.npmjs.org/supports-color/-/supports-color-4.1.0.tgz",
          "integrity": "sha1-kswUuz2tiSjKVlbDPhmhnyCvXHo="
        }
      }
    }
  }
}
